
Microsoft Visual Studio Solution File, Format Version 12.00
# Visual Studio Version 16
VisualStudioVersion = 16.0.33328.57
MinimumVisualStudioVersion = 10.0.40219.1
Project("{FAE04EC0-301F-11D3-BF4B-00C04F79EFBC}") = "LOGO_XERO", "LOGO_XERO\LOGO_XERO.csproj", "{07073034-9C8F-4562-A034-353DA5DB62C8}"
EndProject
Global
	GlobalSection(SolutionConfigurationPlatforms) = preSolution
		Debug|Any CPU = Debug|Any CPU
		Release|Any CPU = Release|Any CPU
	EndGlobalSection
	GlobalSection(ProjectConfigurationPlatforms) = postSolution
		{07073034-9C8F-4562-A034-353DA5DB62C8}.Debug|Any CPU.ActiveCfg = Debug|Any CPU
		{07073034-9C8F-4562-A034-353DA5DB62C8}.Debug|Any CPU.Build.0 = Debug|Any CPU
		{07073034-9C8F-4562-A034-353DA5DB62C8}.Release|Any CPU.ActiveCfg = Release|Any CPU
		{07073034-9C8F-4562-A034-353DA5DB62C8}.Release|Any CPU.Build.0 = Release|Any CPU
	EndGlobalSection
	GlobalSection(SolutionProperties) = preSolution
		HideSolutionNode = FALSE
	EndGlobalSection
	GlobalSection(ExtensibilityGlobals) = postSolution
		SolutionGuid = {E0D866D3-DA5D-46DA-800C-9E9EE549F495}
	EndGlobalSection
EndGlobal
